
Microsoft Visual Studio Solution File, Format Version 12.00
# Visual Studio Version 17
VisualStudioVersion = 17.6.33829.357
MinimumVisualStudioVersion = 10.0.40219.1
Project("{FAE04EC0-301F-11D3-BF4B-00C04F79EFBC}") = "linq-methods-dotnet", "linq-methods-dotnet\linq-methods-dotnet.csproj", "{EBAC44D8-A4F2-458F-88E0-90A252EF42E4}"
EndProject
Global
	GlobalSection(SolutionConfigurationPlatforms) = preSolution
		Debug|Any CPU = Debug|Any CPU
		Release|Any CPU = Release|Any CPU
	EndGlobalSection
	GlobalSection(ProjectConfigurationPlatforms) = postSolution
		{EBAC44D8-A4F2-458F-88E0-90A252EF42E4}.Debug|Any CPU.ActiveCfg = Debug|Any CPU
		{EBAC44D8-A4F2-458F-88E0-90A252EF42E4}.Debug|Any CPU.Build.0 = Debug|Any CPU
		{EBAC44D8-A4F2-458F-88E0-90A252EF42E4}.Release|Any CPU.ActiveCfg = Release|Any CPU
		{EBAC44D8-A4F2-458F-88E0-90A252EF42E4}.Release|Any CPU.Build.0 = Release|Any CPU
	EndGlobalSection
	GlobalSection(SolutionProperties) = preSolution
		HideSolutionNode = FALSE
	EndGlobalSection
	GlobalSection(ExtensibilityGlobals) = postSolution
		SolutionGuid = {A42FF2F6-AF7C-4FD5-AB2B-7E5298BB80EB}
	EndGlobalSection
EndGlobal
